
Microsoft Visual Studio Solution File, Format Version 12.00
# Visual Studio 15
VisualStudioVersion = 15.0.27130.2003
MinimumVisualStudioVersion = 10.0.40219.1
Project("{FAE04EC0-301F-11D3-BF4B-00C04F79EFBC}") = "WPF.Extension.Library", "WPF.Extension.Library\WPF.Extension.Library.csproj", "{0D15300F-1FFE-48AA-BAB7-42380CA26234}"
EndProject
Project("{FAE04EC0-301F-11D3-BF4B-00C04F79EFBC}") = "WPF.Extension.Shell", "WPF.Extension.Shell\WPF.Extension.Shell.csproj", "{637AABBC-B181-4D7D-A712-363275143131}"
EndProject
Project("{FAE04EC0-301F-11D3-BF4B-00C04F79EFBC}") = "MathExtensionLib", "MathExtensionLib\MathExtensionLib.csproj", "{F032418F-2C2B-4F83-A2F7-CC9AA530FCFD}"
EndProject
Global
	GlobalSection(SolutionConfigurationPlatforms) = preSolution
		Debug|Any CPU = Debug|Any CPU
		Release|Any CPU = Release|Any CPU
	EndGlobalSection
	GlobalSection(ProjectConfigurationPlatforms) = postSolution
		{0D15300F-1FFE-48AA-BAB7-42380CA26234}.Debug|Any CPU.ActiveCfg = Debug|Any CPU
		{0D15300F-1FFE-48AA-BAB7-42380CA26234}.Debug|Any CPU.Build.0 = Debug|Any CPU
		{0D15300F-1FFE-48AA-BAB7-42380CA26234}.Release|Any CPU.ActiveCfg = Release|Any CPU
		{0D15300F-1FFE-48AA-BAB7-42380CA26234}.Release|Any CPU.Build.0 = Release|Any CPU
		{637AABBC-B181-4D7D-A712-363275143131}.Debug|Any CPU.ActiveCfg = Debug|Any CPU
		{637AABBC-B181-4D7D-A712-363275143131}.Debug|Any CPU.Build.0 = Debug|Any CPU
		{637AABBC-B181-4D7D-A712-363275143131}.Release|Any CPU.ActiveCfg = Release|Any CPU
		{637AABBC-B181-4D7D-A712-363275143131}.Release|Any CPU.Build.0 = Release|Any CPU
		{F032418F-2C2B-4F83-A2F7-CC9AA530FCFD}.Debug|Any CPU.ActiveCfg = Debug|Any CPU
		{F032418F-2C2B-4F83-A2F7-CC9AA530FCFD}.Debug|Any CPU.Build.0 = Debug|Any CPU
		{F032418F-2C2B-4F83-A2F7-CC9AA530FCFD}.Release|Any CPU.ActiveCfg = Release|Any CPU
		{F032418F-2C2B-4F83-A2F7-CC9AA530FCFD}.Release|Any CPU.Build.0 = Release|Any CPU
	EndGlobalSection
	GlobalSection(SolutionProperties) = preSolution
		HideSolutionNode = FALSE
	EndGlobalSection
	GlobalSection(ExtensibilityGlobals) = postSolution
		SolutionGuid = {6270D0B1-9700-466A-829D-ABDBA3A18182}
	EndGlobalSection
EndGlobal
